
Microsoft Visual Studio Solution File, Format Version 12.00
# Visual Studio Version 17
VisualStudioVersion = 17.8.34408.163
MinimumVisualStudioVersion = 10.0.40219.1
Project("{9A19103F-16F7-4668-BE54-9A1E7A4F7556}") = "RectangleSelector", "RectangleSelector.csproj", "{E40751A2-62D1-42BF-8146-2FA59364AC59}"
EndProject
Project("{9A19103F-16F7-4668-BE54-9A1E7A4F7556}") = "RectangleSelectorTest", "..\RectangleSelectorTest\RectangleSelectorTest.csproj", "{50349720-98D8-46E4-8C1F-7A7E4F3239E5}"
EndProject
Global
	GlobalSection(SolutionConfigurationPlatforms) = preSolution
		Debug|Any CPU = Debug|Any CPU
		Release|Any CPU = Release|Any CPU
	EndGlobalSection
	GlobalSection(ProjectConfigurationPlatforms) = postSolution
		{E40751A2-62D1-42BF-8146-2FA59364AC59}.Debug|Any CPU.ActiveCfg = Debug|Any CPU
		{E40751A2-62D1-42BF-8146-2FA59364AC59}.Debug|Any CPU.Build.0 = Debug|Any CPU
		{E40751A2-62D1-42BF-8146-2FA59364AC59}.Release|Any CPU.ActiveCfg = Release|Any CPU
		{E40751A2-62D1-42BF-8146-2FA59364AC59}.Release|Any CPU.Build.0 = Release|Any CPU
		{50349720-98D8-46E4-8C1F-7A7E4F3239E5}.Debug|Any CPU.ActiveCfg = Debug|Any CPU
		{50349720-98D8-46E4-8C1F-7A7E4F3239E5}.Debug|Any CPU.Build.0 = Debug|Any CPU
		{50349720-98D8-46E4-8C1F-7A7E4F3239E5}.Release|Any CPU.ActiveCfg = Release|Any CPU
		{50349720-98D8-46E4-8C1F-7A7E4F3239E5}.Release|Any CPU.Build.0 = Release|Any CPU
	EndGlobalSection
	GlobalSection(SolutionProperties) = preSolution
		HideSolutionNode = FALSE
	EndGlobalSection
	GlobalSection(ExtensibilityGlobals) = postSolution
		SolutionGuid = {9921D09D-4140-4028-8F6F-BB38CF2E80F9}
	EndGlobalSection
EndGlobal
